
Microsoft Visual Studio Solution File, Format Version 12.00
# Visual Studio Version 17
VisualStudioVersion = 17.14.36518.9 d17.14
MinimumVisualStudioVersion = 10.0.40219.1
Project("{FAE04EC0-301F-11D3-BF4B-00C04F79EFBC}") = "ZenDisk", "ZenDisk.csproj", "{39274BA4-2A6E-3A76-65ED-2841577890DD}"
EndProject
Global
	GlobalSection(SolutionConfigurationPlatforms) = preSolution
		Debug|Any CPU = Debug|Any CPU
		Release|Any CPU = Release|Any CPU
	EndGlobalSection
	GlobalSection(ProjectConfigurationPlatforms) = postSolution
		{39274BA4-2A6E-3A76-65ED-2841577890DD}.Debug|Any CPU.ActiveCfg = Debug|Any CPU
		{39274BA4-2A6E-3A76-65ED-2841577890DD}.Debug|Any CPU.Build.0 = Debug|Any CPU
		{39274BA4-2A6E-3A76-65ED-2841577890DD}.Release|Any CPU.ActiveCfg = Release|Any CPU
		{39274BA4-2A6E-3A76-65ED-2841577890DD}.Release|Any CPU.Build.0 = Release|Any CPU
	EndGlobalSection
	GlobalSection(SolutionProperties) = preSolution
		HideSolutionNode = FALSE
	EndGlobalSection
	GlobalSection(ExtensibilityGlobals) = postSolution
		SolutionGuid = {9E997EE0-C126-4892-A879-64BC60F8A4C2}
	EndGlobalSection
EndGlobal
